// !$*UTF8*$!
{
	archiveVersion = 1;
	classes = {
	};
	objectVersion = 50;
	objects = {

/* Begin PBXBuildFile section */
		240FA5F02102DFDA00FF52EB /* WeatherViewController.swift in Sources */ = {isa = PBXBuildFile; fileRef = 240FA5EF2102DFDA00FF52EB /* WeatherViewController.swift */; };
		241612812106676500AC6395 /* News.swift in Sources */ = {isa = PBXBuildFile; fileRef = 241612802106676500AC6395 /* News.swift */; };
		241612832106686100AC6395 /* NewsTableViewCell.swift in Sources */ = {isa = PBXBuildFile; fileRef = 241612822106686100AC6395 /* NewsTableViewCell.swift */; };
		24161285210668C700AC6395 /* NewsViewController.swift in Sources */ = {isa = PBXBuildFile; fileRef = 24161284210668C700AC6395 /* NewsViewController.swift */; };
		24184ABF210213B0002BE376 /* AppDelegate.swift in Sources */ = {isa = PBXBuildFile; fileRef = 24184ABE210213B0002BE376 /* AppDelegate.swift */; };
		24184AC4210213B0002BE376 /* Main.storyboard in Resources */ = {isa = PBXBuildFile; fileRef = 24184AC2210213B0002BE376 /* Main.storyboard */; };
		24184AC6210213B2002BE376 /* Assets.xcassets in Resources */ = {isa = PBXBuildFile; fileRef = 24184AC5210213B2002BE376 /* Assets.xcassets */; };
		24184AC9210213B2002BE376 /* LaunchScreen.storyboard in Resources */ = {isa = PBXBuildFile; fileRef = 24184AC7210213B2002BE376 /* LaunchScreen.storyboard */; };
		24184AD42102163D002BE376 /* Weather.swift in Sources */ = {isa = PBXBuildFile; fileRef = 24184AD32102163D002BE376 /* Weather.swift */; };
		24F22AB521074F150054874F /* ContactViewController.swift in Sources */ = {isa = PBXBuildFile; fileRef = 24F22AB421074F150054874F /* ContactViewController.swift */; };
		24F22AB7210752CF0054874F /* MessageUI.framework in Frameworks */ = {isa = PBXBuildFile; fileRef = 24F22AB6210752CF0054874F /* MessageUI.framework */; };
		A9CAE428A4258AA9A7F12A5C /* Pods_NYS_Challenge_App.framework in Frameworks */ = {isa = PBXBuildFile; fileRef = DE61E84F96DB5B29DE69CDCC /* Pods_NYS_Challenge_App.framework */; };
/* End PBXBuildFile section */

/* Begin PBXFileReference section */
		240FA5EF2102DFDA00FF52EB /* WeatherViewController.swift */ = {isa = PBXFileReference; lastKnownFileType = sourcecode.swift; path = WeatherViewController.swift; sourceTree = "<group>"; };
		241612802106676500AC6395 /* News.swift */ = {isa = PBXFileReference; lastKnownFileType = sourcecode.swift; path = News.swift; sourceTree = "<group>"; };
		241612822106686100AC6395 /* NewsTableViewCell.swift */ = {isa = PBXFileReference; lastKnownFileType = sourcecode.swift; path = NewsTableViewCell.swift; sourceTree = "<group>"; };
		24161284210668C700AC6395 /* NewsViewController.swift */ = {isa = PBXFileReference; lastKnownFileType = sourcecode.swift; path = NewsViewController.swift; sourceTree = "<group>"; };
		24184ABB210213B0002BE376 /* NYS Challenge App.app */ = {isa = PBXFileReference; explicitFileType = wrapper.application; includeInIndex = 0; path = "NYS Challenge App.app"; sourceTree = BUILT_PRODUCTS_DIR; };
		24184ABE210213B0002BE376 /* AppDelegate.swift */ = {isa = PBXFileReference; lastKnownFileType = sourcecode.swift; path = AppDelegate.swift; sourceTree = "<group>"; };
		24184AC3210213B0002BE376 /* Base */ = {isa = PBXFileReference; lastKnownFileType = file.storyboard; name = Base; path = Base.lproj/Main.storyboard; sourceTree = "<group>"; };
		24184AC5210213B2002BE376 /* Assets.xcassets */ = {isa = PBXFileReference; lastKnownFileType = folder.assetcatalog; path = Assets.xcassets; sourceTree = "<group>"; };
		24184AC8210213B2002BE376 /* Base */ = {isa = PBXFileReference; lastKnownFileType = file.storyboard; name = Base; path = Base.lproj/LaunchScreen.storyboard; sourceTree = "<group>"; };
		24184ACA210213B2002BE376 /* Info.plist */ = {isa = PBXFileReference; lastKnownFileType = text.plist.xml; path = Info.plist; sourceTree = "<group>"; };
		24184AD32102163D002BE376 /* Weather.swift */ = {isa = PBXFileReference; lastKnownFileType = sourcecode.swift; path = Weather.swift; sourceTree = "<group>"; };
		24F22AB421074F150054874F /* ContactViewController.swift */ = {isa = PBXFileReference; lastKnownFileType = sourcecode.swift; path = ContactViewController.swift; sourceTree = "<group>"; };
		24F22AB6210752CF0054874F /* MessageUI.framework */ = {isa = PBXFileReference; lastKnownFileType = wrapper.framework; name = MessageUI.framework; path = System/Library/Frameworks/MessageUI.framework; sourceTree = SDKROOT; };
		ABA19CD0C85A54DAD6D3DABB /* Pods-NYS Challenge App.release.xcconfig */ = {isa = PBXFileReference; includeInIndex = 1; lastKnownFileType = text.xcconfig; name = "Pods-NYS Challenge App.release.xcconfig"; path = "Pods/Target Support Files/Pods-NYS Challenge App/Pods-NYS Challenge App.release.xcconfig"; sourceTree = "<group>"; };
		AF4B311563E334D661CD5EBA /* Pods-NYS Challenge App.debug.xcconfig */ = {isa = PBXFileReference; includeInIndex = 1; lastKnownFileType = text.xcconfig; name = "Pods-NYS Challenge App.debug.xcconfig"; path = "Pods/Target Support Files/Pods-NYS Challenge App/Pods-NYS Challenge App.debug.xcconfig"; sourceTree = "<group>"; };
		DE61E84F96DB5B29DE69CDCC /* Pods_NYS_Challenge_App.framework */ = {isa = PBXFileReference; explicitFileType = wrapper.framework; includeInIndex = 0; path = Pods_NYS_Challenge_App.framework; sourceTree = BUILT_PRODUCTS_DIR; };
/* End PBXFileReference section */

/* Begin PBXFrameworksBuildPhase section */
		24184AB8210213B0002BE376 /* Frameworks */ = {
			isa = PBXFrameworksBuildPhase;
			buildActionMask = 2147483647;
			files = (
				24F22AB7210752CF0054874F /* MessageUI.framework in Frameworks */,
				A9CAE428A4258AA9A7F12A5C /* Pods_NYS_Challenge_App.framework in Frameworks */,
			);
			runOnlyForDeploymentPostprocessing = 0;
		};
/* End PBXFrameworksBuildPhase section */

/* Begin PBXGroup section */
		24184AB2210213B0002BE376 = {
			isa = PBXGroup;
			children = (
				24184ABD210213B0002BE376 /* NYS Challenge App */,
				24184ABC210213B0002BE376 /* Products */,
				745EC65C76A6AFE0B967E10B /* Pods */,
				7ACA699A5992E1D3789EF0A7 /* Frameworks */,
			);
			sourceTree = "<group>";
		};
		24184ABC210213B0002BE376 /* Products */ = {
			isa = PBXGroup;
			children = (
				24184ABB210213B0002BE376 /* NYS Challenge App.app */,
			);
			name = Products;
			sourceTree = "<group>";
		};
		24184ABD210213B0002BE376 /* NYS Challenge App */ = {
			isa = PBXGroup;
			children = (
				24184AD1210215F0002BE376 /* Model */,
				24184AD0210215E8002BE376 /* View */,
				24184AD2210215F6002BE376 /* Controller */,
				24184AC5210213B2002BE376 /* Assets.xcassets */,
				24184AC7210213B2002BE376 /* LaunchScreen.storyboard */,
				24184ACA210213B2002BE376 /* Info.plist */,
			);
			path = "NYS Challenge App";
			sourceTree = "<group>";
		};
		24184AD0210215E8002BE376 /* View */ = {
			isa = PBXGroup;
			children = (
				24184AC2210213B0002BE376 /* Main.storyboard */,
				241612822106686100AC6395 /* NewsTableViewCell.swift */,
			);
			path = View;
			sourceTree = "<group>";
		};
		24184AD1210215F0002BE376 /* Model */ = {
			isa = PBXGroup;
			children = (
				24184AD32102163D002BE376 /* Weather.swift */,
				241612802106676500AC6395 /* News.swift */,
			);
			path = Model;
			sourceTree = "<group>";
		};
		24184AD2210215F6002BE376 /* Controller */ = {
			isa = PBXGroup;
			children = (
				24184ABE210213B0002BE376 /* AppDelegate.swift */,
				240FA5EF2102DFDA00FF52EB /* WeatherViewController.swift */,
				24161284210668C700AC6395 /* NewsViewController.swift */,
				24F22AB421074F150054874F /* ContactViewController.swift */,
			);
			path = Controller;
			sourceTree = "<group>";
		};
		745EC65C76A6AFE0B967E10B /* Pods */ = {
			isa = PBXGroup;
			children = (
				AF4B311563E334D661CD5EBA /* Pods-NYS Challenge App.debug.xcconfig */,
				ABA19CD0C85A54DAD6D3DABB /* Pods-NYS Challenge App.release.xcconfig */,
			);
			name = Pods;
			sourceTree = "<group>";
		};
		7ACA699A5992E1D3789EF0A7 /* Frameworks */ = {
			isa = PBXGroup;
			children = (
				24F22AB6210752CF0054874F /* MessageUI.framework */,
				DE61E84F96DB5B29DE69CDCC /* Pods_NYS_Challenge_App.framework */,
			);
			name = Frameworks;
			sourceTree = "<group>";
		};
/* End PBXGroup section */

/* Begin PBXNativeTarget section */
		24184ABA210213B0002BE376 /* NYS Challenge App */ = {
			isa = PBXNativeTarget;
			buildConfigurationList = 24184ACD210213B2002BE376 /* Build configuration list for PBXNativeTarget "NYS Challenge App" */;
			buildPhases = (
				E465BE94C9401DEA3699CB9D /* [CP] Check Pods Manifest.lock */,
				24184AB7210213B0002BE376 /* Sources */,
				24184AB8210213B0002BE376 /* Frameworks */,
				24184AB9210213B0002BE376 /* Resources */,
				B4B9EBA64BF478F02CF7AAEF /* [CP] Embed Pods Frameworks */,
			);
			buildRules = (
			);
			dependencies = (
			);
			name = "NYS Challenge App";
			productName = "NYS Challenge App";
			productReference = 24184ABB210213B0002BE376 /* NYS Challenge App.app */;
			productType = "com.apple.product-type.application";
		};
/* End PBXNativeTarget section */

/* Begin PBXProject section */
		24184AB3210213B0002BE376 /* Project object */ = {
			isa = PBXProject;
			attributes = {
				LastSwiftUpdateCheck = 0940;
				LastUpgradeCheck = 0940;
				ORGANIZATIONNAME = "Fikri Karadereli";
				TargetAttributes = {
					24184ABA210213B0002BE376 = {
						CreatedOnToolsVersion = 9.4;
					};
				};
			};
			buildConfigurationList = 24184AB6210213B0002BE376 /* Build configuration list for PBXProject "NYS Challenge App" */;
			compatibilityVersion = "Xcode 9.3";
			developmentRegion = en;
			hasScannedForEncodings = 0;
			knownRegions = (
				en,
				Base,
			);
			mainGroup = 24184AB2210213B0002BE376;
			productRefGroup = 24184ABC210213B0002BE376 /* Products */;
			projectDirPath = "";
			projectRoot = "";
			targets = (
				24184ABA210213B0002BE376 /* NYS Challenge App */,
			);
		};
/* End PBXProject section */

/* Begin PBXResourcesBuildPhase section */
		24184AB9210213B0002BE376 /* Resources */ = {
			isa = PBXResourcesBuildPhase;
			buildActionMask = 2147483647;
			files = (
				24184AC9210213B2002BE376 /* LaunchScreen.storyboard in Resources */,
				24184AC6210213B2002BE376 /* Assets.xcassets in Resources */,
				24184AC4210213B0002BE376 /* Main.storyboard in Resources */,
			);
			runOnlyForDeploymentPostprocessing = 0;
		};
/* End PBXResourcesBuildPhase section */

/* Begin PBXShellScriptBuildPhase section */
		B4B9EBA64BF478F02CF7AAEF /* [CP] Embed Pods Frameworks */ = {
			isa = PBXShellScriptBuildPhase;
			buildActionMask = 2147483647;
			files = (
			);
			inputPaths = (
				"${SRCROOT}/Pods/Target Support Files/Pods-NYS Challenge App/Pods-NYS Challenge App-frameworks.sh",
				"${BUILT_PRODUCTS_DIR}/Alamofire/Alamofire.framework",
				"${BUILT_PRODUCTS_DIR}/Kingfisher/Kingfisher.framework",
				"${BUILT_PRODUCTS_DIR}/SwiftyJSON/SwiftyJSON.framework",
			);
			name = "[CP] Embed Pods Frameworks";
			outputPaths = (
				"${TARGET_BUILD_DIR}/${FRAMEWORKS_FOLDER_PATH}/Alamofire.framework",
				"${TARGET_BUILD_DIR}/${FRAMEWORKS_FOLDER_PATH}/Kingfisher.framework",
				"${TARGET_BUILD_DIR}/${FRAMEWORKS_FOLDER_PATH}/SwiftyJSON.framework",
			);
			runOnlyForDeploymentPostprocessing = 0;
			shellPath = /bin/sh;
			shellScript = "\"${SRCROOT}/Pods/Target Support Files/Pods-NYS Challenge App/Pods-NYS Challenge App-frameworks.sh\"\n";
			showEnvVarsInLog = 0;
		};
		E465BE94C9401DEA3699CB9D /* [CP] Check Pods Manifest.lock */ = {
			isa = PBXShellScriptBuildPhase;
			buildActionMask = 2147483647;
			files = (
			);
			inputPaths = (
				"${PODS_PODFILE_DIR_PATH}/Podfile.lock",
				"${PODS_ROOT}/Manifest.lock",
			);
			name = "[CP] Check Pods Manifest.lock";
			outputPaths = (
				"$(DERIVED_FILE_DIR)/Pods-NYS Challenge App-checkManifestLockResult.txt",
			);
			runOnlyForDeploymentPostprocessing = 0;
			shellPath = /bin/sh;
			shellScript = "diff \"${PODS_PODFILE_DIR_PATH}/Podfile.lock\" \"${PODS_ROOT}/Manifest.lock\" > /dev/null\nif [ $? != 0 ] ; then\n    # print error to STDERR\n    echo \"error: The sandbox is not in sync with the Podfile.lock. Run 'pod install' or update your CocoaPods installation.\" >&2\n    exit 1\nfi\n# This output is used by Xcode 'outputs' to avoid re-running this script phase.\necho \"SUCCESS\" > \"${SCRIPT_OUTPUT_FILE_0}\"\n";
			showEnvVarsInLog = 0;
		};
/* End PBXShellScriptBuildPhase section */

/* Begin PBXSourcesBuildPhase section */
		24184AB7210213B0002BE376 /* Sources */ = {
			isa = PBXSourcesBuildPhase;
			buildActionMask = 2147483647;
			files = (
				24F22AB521074F150054874F /* ContactViewController.swift in Sources */,
				240FA5F02102DFDA00FF52EB /* WeatherViewController.swift in Sources */,
				241612832106686100AC6395 /* NewsTableViewCell.swift in Sources */,
				24184AD42102163D002BE376 /* Weather.swift in Sources */,
				24161285210668C700AC6395 /* NewsViewController.swift in Sources */,
				241612812106676500AC6395 /* News.swift in Sources */,
				24184ABF210213B0002BE376 /* AppDelegate.swift in Sources */,
			);
			runOnlyForDeploymentPostprocessing = 0;
		};
/* End PBXSourcesBuildPhase section */

/* Begin PBXVariantGroup section */
		24184AC2210213B0002BE376 /* Main.storyboard */ = {
			isa = PBXVariantGroup;
			children = (
				24184AC3210213B0002BE376 /* Base */,
			);
			name = Main.storyboard;
			sourceTree = "<group>";
		};
		24184AC7210213B2002BE376 /* LaunchScreen.storyboard */ = {
			isa = PBXVariantGroup;
			children = (
				24184AC8210213B2002BE376 /* Base */,
			);
			name = LaunchScreen.storyboard;
			sourceTree = "<group>";
		};
/* End PBXVariantGroup section */

/* Begin XCBuildConfiguration section */
		24184ACB210213B2002BE376 /* Debug */ = {
			isa = XCBuildConfiguration;
			buildSettings = {
				ALWAYS_SEARCH_USER_PATHS = NO;
				CLANG_ANALYZER_NONNULL = YES;
				CLANG_ANALYZER_NUMBER_OBJECT_CONVERSION = YES_AGGRESSIVE;
				CLANG_CXX_LANGUAGE_STANDARD = "gnu++14";
				CLANG_CXX_LIBRARY = "libc++";
				CLANG_ENABLE_MODULES = YES;
				CLANG_ENABLE_OBJC_ARC = YES;
				CLANG_ENABLE_OBJC_WEAK = YES;
				CLANG_WARN_BLOCK_CAPTURE_AUTORELEASING = YES;
				CLANG_WARN_BOOL_CONVERSION = YES;
				CLANG_WARN_COMMA = YES;
				CLANG_WARN_CONSTANT_CONVERSION = YES;
				CLANG_WARN_DEPRECATED_OBJC_IMPLEMENTATIONS = YES;
				CLANG_WARN_DIRECT_OBJC_ISA_USAGE = YES_ERROR;
				CLANG_WARN_DOCUMENTATION_COMMENTS = YES;
				CLANG_WARN_EMPTY_BODY = YES;
				CLANG_WARN_ENUM_CONVERSION = YES;
				CLANG_WARN_INFINITE_RECURSION = YES;
				CLANG_WARN_INT_CONVERSION = YES;
				CLANG_WARN_NON_LITERAL_NULL_CONVERSION = YES;
				CLANG_WARN_OBJC_IMPLICIT_RETAIN_SELF = YES;
				CLANG_WARN_OBJC_LITERAL_CONVERSION = YES;
				CLANG_WARN_OBJC_ROOT_CLASS = YES_ERROR;
				CLANG_WARN_RANGE_LOOP_ANALYSIS = YES;
				CLANG_WARN_STRICT_PROTOTYPES = YES;
				CLANG_WARN_SUSPICIOUS_MOVE = YES;
				CLANG_WARN_UNGUARDED_AVAILABILITY = YES_AGGRESSIVE;
				CLANG_WARN_UNREACHABLE_CODE = YES;
				CLANG_WARN__DUPLICATE_METHOD_MATCH = YES;
				CODE_SIGN_IDENTITY = "iPhone Developer";
				COPY_PHASE_STRIP = NO;
				DEBUG_INFORMATION_FORMAT = dwarf;
				ENABLE_STRICT_OBJC_MSGSEND = YES;
				ENABLE_TESTABILITY = YES;
				GCC_C_LANGUAGE_STANDARD = gnu11;
				GCC_DYNAMIC_NO_PIC = NO;
				GCC_NO_COMMON_BLOCKS = YES;
				GCC_OPTIMIZATION_LEVEL = 0;
				GCC_PREPROCESSOR_DEFINITIONS = (
					"DEBUG=1",
					"$(inherited)",
				);
				GCC_WARN_64_TO_32_BIT_CONVERSION = YES;
				GCC_WARN_ABOUT_RETURN_TYPE = YES_ERROR;
				GCC_WARN_UNDECLARED_SELECTOR = YES;
				GCC_WARN_UNINITIALIZED_AUTOS = YES_AGGRESSIVE;
				GCC_WARN_UNUSED_FUNCTION = YES;
				GCC_WARN_UNUSED_VARIABLE = YES;
				IPHONEOS_DEPLOYMENT_TARGET = 11.4;
				MTL_ENABLE_DEBUG_INFO = YES;
				ONLY_ACTIVE_ARCH = YES;
				SDKROOT = iphoneos;
				SWIFT_ACTIVE_COMPILATION_CONDITIONS = DEBUG;
				SWIFT_OPTIMIZATION_LEVEL = "-Onone";
			};
			name = Debug;
		};
		24184ACC210213B2002BE376 /* Release */ = {
			isa = XCBuildConfiguration;
			buildSettings = {
				ALWAYS_SEARCH_USER_PATHS = NO;
				CLANG_ANALYZER_NONNULL = YES;
				CLANG_ANALYZER_NUMBER_OBJECT_CONVERSION = YES_AGGRESSIVE;
				CLANG_CXX_LANGUAGE_STANDARD = "gnu++14";
				CLANG_CXX_LIBRARY = "libc++";
				CLANG_ENABLE_MODULES = YES;
				CLANG_ENABLE_OBJC_ARC = YES;
				CLANG_ENABLE_OBJC_WEAK = YES;
				CLANG_WARN_BLOCK_CAPTURE_AUTORELEASING = YES;
				CLANG_WARN_BOOL_CONVERSION = YES;
				CLANG_WARN_COMMA = YES;
				CLANG_WARN_CONSTANT_CONVERSION = YES;
				CLANG_WARN_DEPRECATED_OBJC_IMPLEMENTATIONS = YES;
				CLANG_WARN_DIRECT_OBJC_ISA_USAGE = YES_ERROR;
				CLANG_WARN_DOCUMENTATION_COMMENTS = YES;
				CLANG_WARN_EMPTY_BODY = YES;
				CLANG_WARN_ENUM_CONVERSION = YES;
				CLANG_WARN_INFINITE_RECURSION = YES;
				CLANG_WARN_INT_CONVERSION = YES;
				CLANG_WARN_NON_LITERAL_NULL_CONVERSION = YES;
				CLANG_WARN_OBJC_IMPLICIT_RETAIN_SELF = YES;
				CLANG_WARN_OBJC_LITERAL_CONVERSION = YES;
				CLANG_WARN_OBJC_ROOT_CLASS = YES_ERROR;
				CLANG_WARN_RANGE_LOOP_ANALYSIS = YES;
				CLANG_WARN_STRICT_PROTOTYPES = YES;
				CLANG_WARN_SUSPICIOUS_MOVE = YES;
				CLANG_WARN_UNGUARDED_AVAILABILITY = YES_AGGRESSIVE;
				CLANG_WARN_UNREACHABLE_CODE = YES;
				CLANG_WARN__DUPLICATE_METHOD_MATCH = YES;
				CODE_SIGN_IDENTITY = "iPhone Developer";
				COPY_PHASE_STRIP = NO;
				DEBUG_INFORMATION_FORMAT = "dwarf-with-dsym";
				ENABLE_NS_ASSERTIONS = NO;
				ENABLE_STRICT_OBJC_MSGSEND = YES;
				GCC_C_LANGUAGE_STANDARD = gnu11;
				GCC_NO_COMMON_BLOCKS = YES;
				GCC_WARN_64_TO_32_BIT_CONVERSION = YES;
				GCC_WARN_ABOUT_RETURN_TYPE = YES_ERROR;
				GCC_WARN_UNDECLARED_SELECTOR = YES;
				GCC_WARN_UNINITIALIZED_AUTOS = YES_AGGRESSIVE;
				GCC_WARN_UNUSED_FUNCTION = YES;
				GCC_WARN_UNUSED_VARIABLE = YES;
				IPHONEOS_DEPLOYMENT_TARGET = 11.4;
				MTL_ENABLE_DEBUG_INFO = NO;
				SDKROOT = iphoneos;
				SWIFT_COMPILATION_MODE = wholemodule;
				SWIFT_OPTIMIZATION_LEVEL = "-O";
				VALIDATE_PRODUCT = YES;
			};
			name = Release;
		};
		24184ACE210213B2002BE376 /* Debug */ = {
			isa = XCBuildConfiguration;
			baseConfigurationReference = AF4B311563E334D661CD5EBA /* Pods-NYS Challenge App.debug.xcconfig */;
			buildSettings = {
				ASSETCATALOG_COMPILER_APPICON_NAME = AppIcon;
				CODE_SIGN_STYLE = Automatic;
				DEVELOPMENT_TEAM = "";
				INFOPLIST_FILE = "NYS Challenge App/Info.plist";
				LD_RUNPATH_SEARCH_PATHS = (
					"$(inherited)",
					"@executable_path/Frameworks",
				);
				PRODUCT_BUNDLE_IDENTIFIER = "com.fikrikaradereli.NYS-Challenge-App";
				PRODUCT_NAME = "$(TARGET_NAME)";
				SWIFT_VERSION = 4.0;
				TARGETED_DEVICE_FAMILY = "1,2";
			};
			name = Debug;
		};
		24184ACF210213B2002BE376 /* Release */ = {
			isa = XCBuildConfiguration;
			baseConfigurationReference = ABA19CD0C85A54DAD6D3DABB /* Pods-NYS Challenge App.release.xcconfig */;
			buildSettings = {
				ASSETCATALOG_COMPILER_APPICON_NAME = AppIcon;
				CODE_SIGN_STYLE = Automatic;
				DEVELOPMENT_TEAM = "";
				INFOPLIST_FILE = "NYS Challenge App/Info.plist";
				LD_RUNPATH_SEARCH_PATHS = (
					"$(inherited)",
					"@executable_path/Frameworks",
				);
				PRODUCT_BUNDLE_IDENTIFIER = "com.fikrikaradereli.NYS-Challenge-App";
				PRODUCT_NAME = "$(TARGET_NAME)";
				SWIFT_VERSION = 4.0;
				TARGETED_DEVICE_FAMILY = "1,2";
			};
			name = Release;
		};
/* End XCBuildConfiguration section */

/* Begin XCConfigurationList section */
		24184AB6210213B0002BE376 /* Build configuration list for PBXProject "NYS Challenge App" */ = {
			isa = XCConfigurationList;
			buildConfigurations = (
				24184ACB210213B2002BE376 /* Debug */,
				24184ACC210213B2002BE376 /* Release */,
			);
			defaultConfigurationIsVisible = 0;
			defaultConfigurationName = Release;
		};
		24184ACD210213B2002BE376 /* Build configuration list for PBXNativeTarget "NYS Challenge App" */ = {
			isa = XCConfigurationList;
			buildConfigurations = (
				24184ACE210213B2002BE376 /* Debug */,
				24184ACF210213B2002BE376 /* Release */,
			);
			defaultConfigurationIsVisible = 0;
			defaultConfigurationName = Release;
		};
/* End XCConfigurationList section */
	};
	rootObject = 24184AB3210213B0002BE376 /* Project object */;
}
